// !$*UTF8*$!
{
	archiveVersion = 1;
	classes = {
	};
	objectVersion = 50;
	objects = {

/* Begin PBXBuildFile section */
		121EBDEF20D94996000A801A /* NamesViewController.m in Sources */ = {isa = PBXBuildFile; fileRef = 121EBDEE20D94996000A801A /* NamesViewController.m */; };
		121EBDF120D9559A000A801A /* libsqlite3.tbd in Frameworks */ = {isa = PBXBuildFile; fileRef = 121EBDF020D9559A000A801A /* libsqlite3.tbd */; };
		123BB24C2124679000F3E467 /* shemtovdic.sql in Resources */ = {isa = PBXBuildFile; fileRef = 123BB24B2124679000F3E467 /* shemtovdic.sql */; };
		12AF022D2129A484009E2EC5 /* SimpleTableCellTableViewCell.m in Sources */ = {isa = PBXBuildFile; fileRef = 12AF022C2129A484009E2EC5 /* SimpleTableCellTableViewCell.m */; };
		12DECFF420B5B74100BDD54C /* GoogleService-Info.plist in Resources */ = {isa = PBXBuildFile; fileRef = 12DECFF320B5B74000BDD54C /* GoogleService-Info.plist */; };
		12DED01720B7075300BDD54C /* DBManager.m in Sources */ = {isa = PBXBuildFile; fileRef = 12DED01620B7075300BDD54C /* DBManager.m */; };
		12E320D2285F64C800979A0B /* ViewControllerWebViewer.m in Sources */ = {isa = PBXBuildFile; fileRef = 12E320D1285F64C800979A0B /* ViewControllerWebViewer.m */; };
		12E320D4285F65EA00979A0B /* WebKit.framework in Frameworks */ = {isa = PBXBuildFile; fileRef = 12E320D3285F65EA00979A0B /* WebKit.framework */; };
		12E8772920A332500059ECAB /* AppDelegate.m in Sources */ = {isa = PBXBuildFile; fileRef = 12E8772820A332500059ECAB /* AppDelegate.m */; };
		12E8772C20A332500059ECAB /* ViewController.m in Sources */ = {isa = PBXBuildFile; fileRef = 12E8772B20A332500059ECAB /* ViewController.m */; };
		12E8772F20A332510059ECAB /* Main.storyboard in Resources */ = {isa = PBXBuildFile; fileRef = 12E8772D20A332510059ECAB /* Main.storyboard */; };
		12E8773220A332510059ECAB /* shemtov.xcdatamodeld in Sources */ = {isa = PBXBuildFile; fileRef = 12E8773020A332510059ECAB /* shemtov.xcdatamodeld */; };
		12E8773420A332540059ECAB /* Assets.xcassets in Resources */ = {isa = PBXBuildFile; fileRef = 12E8773320A332540059ECAB /* Assets.xcassets */; };
		12E8773720A332540059ECAB /* LaunchScreen.storyboard in Resources */ = {isa = PBXBuildFile; fileRef = 12E8773520A332540059ECAB /* LaunchScreen.storyboard */; };
		12E8773A20A332540059ECAB /* main.m in Sources */ = {isa = PBXBuildFile; fileRef = 12E8773920A332540059ECAB /* main.m */; };
		19DB4ECD8CF6952C50AC7871 /* Pods_shemtov.framework in Frameworks */ = {isa = PBXBuildFile; fileRef = AD7C5C534005F3BD0910EB82 /* Pods_shemtov.framework */; };
/* End PBXBuildFile section */

/* Begin PBXFileReference section */
		121EBDED20D94995000A801A /* NamesViewController.h */ = {isa = PBXFileReference; lastKnownFileType = sourcecode.c.h; path = NamesViewController.h; sourceTree = "<group>"; };
		121EBDEE20D94996000A801A /* NamesViewController.m */ = {isa = PBXFileReference; lastKnownFileType = sourcecode.c.objc; path = NamesViewController.m; sourceTree = "<group>"; };
		121EBDF020D9559A000A801A /* libsqlite3.tbd */ = {isa = PBXFileReference; lastKnownFileType = "sourcecode.text-based-dylib-definition"; name = libsqlite3.tbd; path = usr/lib/libsqlite3.tbd; sourceTree = SDKROOT; };
		123BB24B2124679000F3E467 /* shemtovdic.sql */ = {isa = PBXFileReference; lastKnownFileType = file; path = shemtovdic.sql; sourceTree = "<group>"; };
		1294B43E213C186F005977A4 /* libGoogleToolboxForMac.a */ = {isa = PBXFileReference; explicitFileType = archive.ar; path = libGoogleToolboxForMac.a; sourceTree = BUILT_PRODUCTS_DIR; };
		12AF022B2129A484009E2EC5 /* SimpleTableCellTableViewCell.h */ = {isa = PBXFileReference; lastKnownFileType = sourcecode.c.h; path = SimpleTableCellTableViewCell.h; sourceTree = "<group>"; };
		12AF022C2129A484009E2EC5 /* SimpleTableCellTableViewCell.m */ = {isa = PBXFileReference; lastKnownFileType = sourcecode.c.objc; path = SimpleTableCellTableViewCell.m; sourceTree = "<group>"; };
		12DECFF320B5B74000BDD54C /* GoogleService-Info.plist */ = {isa = PBXFileReference; fileEncoding = 4; lastKnownFileType = text.plist.xml; path = "GoogleService-Info.plist"; sourceTree = "<group>"; };
		12DECFFC20B5BD1000BDD54C /* cored.app */ = {isa = PBXFileReference; explicitFileType = wrapper.application; includeInIndex = 0; path = cored.app; sourceTree = BUILT_PRODUCTS_DIR; };
		12DED01520B7075200BDD54C /* DBManager.h */ = {isa = PBXFileReference; fileEncoding = 4; lastKnownFileType = sourcecode.c.h; path = DBManager.h; sourceTree = "<group>"; };
		12DED01620B7075300BDD54C /* DBManager.m */ = {isa = PBXFileReference; fileEncoding = 4; lastKnownFileType = sourcecode.c.objc; path = DBManager.m; sourceTree = "<group>"; };
		12E320D0285F64C800979A0B /* ViewControllerWebViewer.h */ = {isa = PBXFileReference; lastKnownFileType = sourcecode.c.h; path = ViewControllerWebViewer.h; sourceTree = "<group>"; };
		12E320D1285F64C800979A0B /* ViewControllerWebViewer.m */ = {isa = PBXFileReference; lastKnownFileType = sourcecode.c.objc; path = ViewControllerWebViewer.m; sourceTree = "<group>"; };
		12E320D3285F65EA00979A0B /* WebKit.framework */ = {isa = PBXFileReference; lastKnownFileType = wrapper.framework; name = WebKit.framework; path = System/Library/Frameworks/WebKit.framework; sourceTree = SDKROOT; };
		12E8772420A332500059ECAB /* shemtov.app */ = {isa = PBXFileReference; explicitFileType = wrapper.application; includeInIndex = 0; path = shemtov.app; sourceTree = BUILT_PRODUCTS_DIR; };
		12E8772720A332500059ECAB /* AppDelegate.h */ = {isa = PBXFileReference; lastKnownFileType = sourcecode.c.h; path = AppDelegate.h; sourceTree = "<group>"; };
		12E8772820A332500059ECAB /* AppDelegate.m */ = {isa = PBXFileReference; lastKnownFileType = sourcecode.c.objc; path = AppDelegate.m; sourceTree = "<group>"; };
		12E8772A20A332500059ECAB /* ViewController.h */ = {isa = PBXFileReference; lastKnownFileType = sourcecode.c.h; path = ViewController.h; sourceTree = "<group>"; };
		12E8772B20A332500059ECAB /* ViewController.m */ = {isa = PBXFileReference; lastKnownFileType = sourcecode.c.objc; path = ViewController.m; sourceTree = "<group>"; };
		12E8772E20A332510059ECAB /* Base */ = {isa = PBXFileReference; lastKnownFileType = file.storyboard; name = Base; path = Base.lproj/Main.storyboard; sourceTree = "<group>"; };
		12E8773120A332510059ECAB /* shemtov.xcdatamodel */ = {isa = PBXFileReference; lastKnownFileType = wrapper.xcdatamodel; path = shemtov.xcdatamodel; sourceTree = "<group>"; };
		12E8773320A332540059ECAB /* Assets.xcassets */ = {isa = PBXFileReference; lastKnownFileType = folder.assetcatalog; path = Assets.xcassets; sourceTree = "<group>"; };
		12E8773620A332540059ECAB /* Base */ = {isa = PBXFileReference; lastKnownFileType = file.storyboard; name = Base; path = Base.lproj/LaunchScreen.storyboard; sourceTree = "<group>"; };
		12E8773820A332540059ECAB /* Info.plist */ = {isa = PBXFileReference; lastKnownFileType = text.plist.xml; path = Info.plist; sourceTree = "<group>"; };
		12E8773920A332540059ECAB /* main.m */ = {isa = PBXFileReference; lastKnownFileType = sourcecode.c.objc; path = main.m; sourceTree = "<group>"; };
		9E222F2F3ABD99546972D87E /* Pods-shemtov.debug.xcconfig */ = {isa = PBXFileReference; includeInIndex = 1; lastKnownFileType = text.xcconfig; name = "Pods-shemtov.debug.xcconfig"; path = "Pods/Target Support Files/Pods-shemtov/Pods-shemtov.debug.xcconfig"; sourceTree = "<group>"; };
		AD7C5C534005F3BD0910EB82 /* Pods_shemtov.framework */ = {isa = PBXFileReference; explicitFileType = wrapper.framework; includeInIndex = 0; path = Pods_shemtov.framework; sourceTree = BUILT_PRODUCTS_DIR; };
		B6E47D266500ACA3CF39970B /* Pods-shemtov.release.xcconfig */ = {isa = PBXFileReference; includeInIndex = 1; lastKnownFileType = text.xcconfig; name = "Pods-shemtov.release.xcconfig"; path = "Pods/Target Support Files/Pods-shemtov/Pods-shemtov.release.xcconfig"; sourceTree = "<group>"; };
/* End PBXFileReference section */

/* Begin PBXFrameworksBuildPhase section */
		12DECFF920B5BD1000BDD54C /* Frameworks */ = {
			isa = PBXFrameworksBuildPhase;
			buildActionMask = 2147483647;
			files = (
			);
			runOnlyForDeploymentPostprocessing = 0;
		};
		12E8772120A332500059ECAB /* Frameworks */ = {
			isa = PBXFrameworksBuildPhase;
			buildActionMask = 2147483647;
			files = (
				121EBDF120D9559A000A801A /* libsqlite3.tbd in Frameworks */,
				12E320D4285F65EA00979A0B /* WebKit.framework in Frameworks */,
				19DB4ECD8CF6952C50AC7871 /* Pods_shemtov.framework in Frameworks */,
			);
			runOnlyForDeploymentPostprocessing = 0;
		};
/* End PBXFrameworksBuildPhase section */

/* Begin PBXGroup section */
		12E8771B20A332500059ECAB = {
			isa = PBXGroup;
			children = (
				12E8772620A332500059ECAB /* shemtov */,
				12E8772520A332500059ECAB /* Products */,
				6A45A19872EE124283BE26D9 /* Pods */,
				63DF00B4C4BAB72FE1FF1D17 /* Frameworks */,
			);
			sourceTree = "<group>";
		};
		12E8772520A332500059ECAB /* Products */ = {
			isa = PBXGroup;
			children = (
				12E8772420A332500059ECAB /* shemtov.app */,
				12DECFFC20B5BD1000BDD54C /* cored.app */,
			);
			name = Products;
			sourceTree = "<group>";
		};
		12E8772620A332500059ECAB /* shemtov */ = {
			isa = PBXGroup;
			children = (
				123BB24B2124679000F3E467 /* shemtovdic.sql */,
				12DED01520B7075200BDD54C /* DBManager.h */,
				12DED01620B7075300BDD54C /* DBManager.m */,
				12DECFF320B5B74000BDD54C /* GoogleService-Info.plist */,
				12E8772720A332500059ECAB /* AppDelegate.h */,
				12E8772820A332500059ECAB /* AppDelegate.m */,
				12E8772A20A332500059ECAB /* ViewController.h */,
				12E8772B20A332500059ECAB /* ViewController.m */,
				12E8772D20A332510059ECAB /* Main.storyboard */,
				12E8773320A332540059ECAB /* Assets.xcassets */,
				12E8773520A332540059ECAB /* LaunchScreen.storyboard */,
				12E8773820A332540059ECAB /* Info.plist */,
				12E8773920A332540059ECAB /* main.m */,
				12E8773020A332510059ECAB /* shemtov.xcdatamodeld */,
				121EBDED20D94995000A801A /* NamesViewController.h */,
				121EBDEE20D94996000A801A /* NamesViewController.m */,
				12AF022B2129A484009E2EC5 /* SimpleTableCellTableViewCell.h */,
				12AF022C2129A484009E2EC5 /* SimpleTableCellTableViewCell.m */,
				12E320D0285F64C800979A0B /* ViewControllerWebViewer.h */,
				12E320D1285F64C800979A0B /* ViewControllerWebViewer.m */,
			);
			path = shemtov;
			sourceTree = "<group>";
		};
		63DF00B4C4BAB72FE1FF1D17 /* Frameworks */ = {
			isa = PBXGroup;
			children = (
				12E320D3285F65EA00979A0B /* WebKit.framework */,
				1294B43E213C186F005977A4 /* libGoogleToolboxForMac.a */,
				121EBDF020D9559A000A801A /* libsqlite3.tbd */,
				AD7C5C534005F3BD0910EB82 /* Pods_shemtov.framework */,
			);
			name = Frameworks;
			sourceTree = "<group>";
		};
		6A45A19872EE124283BE26D9 /* Pods */ = {
			isa = PBXGroup;
			children = (
				9E222F2F3ABD99546972D87E /* Pods-shemtov.debug.xcconfig */,
				B6E47D266500ACA3CF39970B /* Pods-shemtov.release.xcconfig */,
			);
			name = Pods;
			sourceTree = "<group>";
		};
/* End PBXGroup section */

/* Begin PBXNativeTarget section */
		12DECFFB20B5BD1000BDD54C /* cored */ = {
			isa = PBXNativeTarget;
			buildConfigurationList = 12DED01220B5BD1300BDD54C /* Build configuration list for PBXNativeTarget "cored" */;
			buildPhases = (
				12DECFF820B5BD1000BDD54C /* Sources */,
				12DECFF920B5BD1000BDD54C /* Frameworks */,
				12DECFFA20B5BD1000BDD54C /* Resources */,
			);
			buildRules = (
			);
			dependencies = (
			);
			name = cored;
			productName = cored;
			productReference = 12DECFFC20B5BD1000BDD54C /* cored.app */;
			productType = "com.apple.product-type.application";
		};
		12E8772320A332500059ECAB /* shemtov */ = {
			isa = PBXNativeTarget;
			buildConfigurationList = 12E8773D20A332540059ECAB /* Build configuration list for PBXNativeTarget "shemtov" */;
			buildPhases = (
				4ABBE6CC6C0812C3E450E8C8 /* [CP] Check Pods Manifest.lock */,
				12E8772020A332500059ECAB /* Sources */,
				12E8772120A332500059ECAB /* Frameworks */,
				12E8772220A332500059ECAB /* Resources */,
			);
			buildRules = (
			);
			dependencies = (
			);
			name = shemtov;
			productName = shemtov;
			productReference = 12E8772420A332500059ECAB /* shemtov.app */;
			productType = "com.apple.product-type.application";
		};
/* End PBXNativeTarget section */

/* Begin PBXProject section */
		12E8771C20A332500059ECAB /* Project object */ = {
			isa = PBXProject;
			attributes = {
				LastUpgradeCheck = 1330;
				ORGANIZATIONNAME = "Roy Leizer";
				TargetAttributes = {
					12DECFFB20B5BD1000BDD54C = {
						CreatedOnToolsVersion = 9.3;
					};
					12E8772320A332500059ECAB = {
						CreatedOnToolsVersion = 9.3;
						LastSwiftMigration = 1330;
					};
				};
			};
			buildConfigurationList = 12E8771F20A332500059ECAB /* Build configuration list for PBXProject "shemtov" */;
			compatibilityVersion = "Xcode 9.3";
			developmentRegion = en;
			hasScannedForEncodings = 0;
			knownRegions = (
				en,
				Base,
			);
			mainGroup = 12E8771B20A332500059ECAB;
			productRefGroup = 12E8772520A332500059ECAB /* Products */;
			projectDirPath = "";
			projectRoot = "";
			targets = (
				12E8772320A332500059ECAB /* shemtov */,
				12DECFFB20B5BD1000BDD54C /* cored */,
			);
		};
/* End PBXProject section */

/* Begin PBXResourcesBuildPhase section */
		12DECFFA20B5BD1000BDD54C /* Resources */ = {
			isa = PBXResourcesBuildPhase;
			buildActionMask = 2147483647;
			files = (
			);
			runOnlyForDeploymentPostprocessing = 0;
		};
		12E8772220A332500059ECAB /* Resources */ = {
			isa = PBXResourcesBuildPhase;
			buildActionMask = 2147483647;
			files = (
				12E8773720A332540059ECAB /* LaunchScreen.storyboard in Resources */,
				123BB24C2124679000F3E467 /* shemtovdic.sql in Resources */,
				12DECFF420B5B74100BDD54C /* GoogleService-Info.plist in Resources */,
				12E8773420A332540059ECAB /* Assets.xcassets in Resources */,
				12E8772F20A332510059ECAB /* Main.storyboard in Resources */,
			);
			runOnlyForDeploymentPostprocessing = 0;
		};
/* End PBXResourcesBuildPhase section */

/* Begin PBXShellScriptBuildPhase section */
		4ABBE6CC6C0812C3E450E8C8 /* [CP] Check Pods Manifest.lock */ = {
			isa = PBXShellScriptBuildPhase;
			buildActionMask = 2147483647;
			files = (
			);
			inputPaths = (
				"${PODS_PODFILE_DIR_PATH}/Podfile.lock",
				"${PODS_ROOT}/Manifest.lock",
			);
			name = "[CP] Check Pods Manifest.lock";
			outputPaths = (
				"$(DERIVED_FILE_DIR)/Pods-shemtov-checkManifestLockResult.txt",
			);
			runOnlyForDeploymentPostprocessing = 0;
			shellPath = /bin/sh;
			shellScript = "diff \"${PODS_PODFILE_DIR_PATH}/Podfile.lock\" \"${PODS_ROOT}/Manifest.lock\" > /dev/null\nif [ $? != 0 ] ; then\n    # print error to STDERR\n    echo \"error: The sandbox is not in sync with the Podfile.lock. Run 'pod install' or update your CocoaPods installation.\" >&2\n    exit 1\nfi\n# This output is used by Xcode 'outputs' to avoid re-running this script phase.\necho \"SUCCESS\" > \"${SCRIPT_OUTPUT_FILE_0}\"\n";
			showEnvVarsInLog = 0;
		};
/* End PBXShellScriptBuildPhase section */

/* Begin PBXSourcesBuildPhase section */
		12DECFF820B5BD1000BDD54C /* Sources */ = {
			isa = PBXSourcesBuildPhase;
			buildActionMask = 2147483647;
			files = (
			);
			runOnlyForDeploymentPostprocessing = 0;
		};
		12E8772020A332500059ECAB /* Sources */ = {
			isa = PBXSourcesBuildPhase;
			buildActionMask = 2147483647;
			files = (
				12E8773220A332510059ECAB /* shemtov.xcdatamodeld in Sources */,
				12AF022D2129A484009E2EC5 /* SimpleTableCellTableViewCell.m in Sources */,
				121EBDEF20D94996000A801A /* NamesViewController.m in Sources */,
				12E8772C20A332500059ECAB /* ViewController.m in Sources */,
				12E8773A20A332540059ECAB /* main.m in Sources */,
				12E8772920A332500059ECAB /* AppDelegate.m in Sources */,
				12E320D2285F64C800979A0B /* ViewControllerWebViewer.m in Sources */,
				12DED01720B7075300BDD54C /* DBManager.m in Sources */,
			);
			runOnlyForDeploymentPostprocessing = 0;
		};
/* End PBXSourcesBuildPhase section */

/* Begin PBXVariantGroup section */
		12E8772D20A332510059ECAB /* Main.storyboard */ = {
			isa = PBXVariantGroup;
			children = (
				12E8772E20A332510059ECAB /* Base */,
			);
			name = Main.storyboard;
			sourceTree = "<group>";
		};
		12E8773520A332540059ECAB /* LaunchScreen.storyboard */ = {
			isa = PBXVariantGroup;
			children = (
				12E8773620A332540059ECAB /* Base */,
			);
			name = LaunchScreen.storyboard;
			sourceTree = "<group>";
		};
/* End PBXVariantGroup section */

/* Begin XCBuildConfiguration section */
		12DED01320B5BD1300BDD54C /* Debug */ = {
			isa = XCBuildConfiguration;
			buildSettings = {
				ASSETCATALOG_COMPILER_APPICON_NAME = AppIcon;
				CODE_SIGN_STYLE = Automatic;
				DEVELOPMENT_TEAM = SR7M42YR2B;
				ENABLE_BITCODE = NO;
				INFOPLIST_FILE = "$(SRCROOT)/shemtov/Info.plist";
				IPHONEOS_DEPLOYMENT_TARGET = 13.0;
				LD_RUNPATH_SEARCH_PATHS = (
					"$(inherited)",
					"@executable_path/Frameworks",
				);
				PRODUCT_BUNDLE_IDENTIFIER = com.leizersoft.cored;
				PRODUCT_NAME = "$(TARGET_NAME)";
				TARGETED_DEVICE_FAMILY = "1,2";
			};
			name = Debug;
		};
		12DED01420B5BD1300BDD54C /* Release */ = {
			isa = XCBuildConfiguration;
			buildSettings = {
				ASSETCATALOG_COMPILER_APPICON_NAME = AppIcon;
				CODE_SIGN_STYLE = Automatic;
				DEVELOPMENT_TEAM = SR7M42YR2B;
				ENABLE_BITCODE = NO;
				INFOPLIST_FILE = "$(SRCROOT)/shemtov/Info.plist";
				IPHONEOS_DEPLOYMENT_TARGET = 13.0;
				LD_RUNPATH_SEARCH_PATHS = (
					"$(inherited)",
					"@executable_path/Frameworks",
				);
				PRODUCT_BUNDLE_IDENTIFIER = com.leizersoft.cored;
				PRODUCT_NAME = "$(TARGET_NAME)";
				TARGETED_DEVICE_FAMILY = "1,2";
			};
			name = Release;
		};
		12E8773B20A332540059ECAB /* Debug */ = {
			isa = XCBuildConfiguration;
			buildSettings = {
				ALWAYS_EMBED_SWIFT_STANDARD_LIBRARIES = YES;
				ALWAYS_SEARCH_USER_PATHS = NO;
				CLANG_ANALYZER_NONNULL = YES;
				CLANG_ANALYZER_NUMBER_OBJECT_CONVERSION = YES_AGGRESSIVE;
				CLANG_CXX_LANGUAGE_STANDARD = "gnu++14";
				CLANG_CXX_LIBRARY = "libc++";
				CLANG_ENABLE_MODULES = YES;
				CLANG_ENABLE_OBJC_ARC = YES;
				CLANG_ENABLE_OBJC_WEAK = YES;
				CLANG_WARN_BLOCK_CAPTURE_AUTORELEASING = YES;
				CLANG_WARN_BOOL_CONVERSION = YES;
				CLANG_WARN_COMMA = YES;
				CLANG_WARN_CONSTANT_CONVERSION = YES;
				CLANG_WARN_DEPRECATED_OBJC_IMPLEMENTATIONS = YES;
				CLANG_WARN_DIRECT_OBJC_ISA_USAGE = YES_ERROR;
				CLANG_WARN_DOCUMENTATION_COMMENTS = YES;
				CLANG_WARN_EMPTY_BODY = YES;
				CLANG_WARN_ENUM_CONVERSION = YES;
				CLANG_WARN_INFINITE_RECURSION = YES;
				CLANG_WARN_INT_CONVERSION = YES;
				CLANG_WARN_NON_LITERAL_NULL_CONVERSION = YES;
				CLANG_WARN_OBJC_IMPLICIT_RETAIN_SELF = YES;
				CLANG_WARN_OBJC_LITERAL_CONVERSION = YES;
				CLANG_WARN_OBJC_ROOT_CLASS = YES_ERROR;
				CLANG_WARN_QUOTED_INCLUDE_IN_FRAMEWORK_HEADER = YES;
				CLANG_WARN_RANGE_LOOP_ANALYSIS = YES;
				CLANG_WARN_STRICT_PROTOTYPES = YES;
				CLANG_WARN_SUSPICIOUS_MOVE = YES;
				CLANG_WARN_UNGUARDED_AVAILABILITY = YES_AGGRESSIVE;
				CLANG_WARN_UNREACHABLE_CODE = YES;
				CLANG_WARN__DUPLICATE_METHOD_MATCH = YES;
				CODE_SIGN_IDENTITY = "iPhone Developer";
				COPY_PHASE_STRIP = NO;
				DEBUG_INFORMATION_FORMAT = dwarf;
				ENABLE_STRICT_OBJC_MSGSEND = YES;
				ENABLE_TESTABILITY = YES;
				GCC_C_LANGUAGE_STANDARD = gnu11;
				GCC_DYNAMIC_NO_PIC = NO;
				GCC_NO_COMMON_BLOCKS = YES;
				GCC_OPTIMIZATION_LEVEL = 0;
				GCC_PREPROCESSOR_DEFINITIONS = (
					"DEBUG=1",
					"$(inherited)",
				);
				GCC_WARN_64_TO_32_BIT_CONVERSION = YES;
				GCC_WARN_ABOUT_RETURN_TYPE = YES_ERROR;
				GCC_WARN_UNDECLARED_SELECTOR = YES;
				GCC_WARN_UNINITIALIZED_AUTOS = YES_AGGRESSIVE;
				GCC_WARN_UNUSED_FUNCTION = YES;
				GCC_WARN_UNUSED_VARIABLE = YES;
				IPHONEOS_DEPLOYMENT_TARGET = 13.0;
				MTL_ENABLE_DEBUG_INFO = YES;
				ONLY_ACTIVE_ARCH = YES;
				SDKROOT = iphoneos;
			};
			name = Debug;
		};
		12E8773C20A332540059ECAB /* Release */ = {
			isa = XCBuildConfiguration;
			buildSettings = {
				ALWAYS_EMBED_SWIFT_STANDARD_LIBRARIES = YES;
				ALWAYS_SEARCH_USER_PATHS = NO;
				CLANG_ANALYZER_NONNULL = YES;
				CLANG_ANALYZER_NUMBER_OBJECT_CONVERSION = YES_AGGRESSIVE;
				CLANG_CXX_LANGUAGE_STANDARD = "gnu++14";
				CLANG_CXX_LIBRARY = "libc++";
				CLANG_ENABLE_MODULES = YES;
				CLANG_ENABLE_OBJC_ARC = YES;
				CLANG_ENABLE_OBJC_WEAK = YES;
				CLANG_WARN_BLOCK_CAPTURE_AUTORELEASING = YES;
				CLANG_WARN_BOOL_CONVERSION = YES;
				CLANG_WARN_COMMA = YES;
				CLANG_WARN_CONSTANT_CONVERSION = YES;
				CLANG_WARN_DEPRECATED_OBJC_IMPLEMENTATIONS = YES;
				CLANG_WARN_DIRECT_OBJC_ISA_USAGE = YES_ERROR;
				CLANG_WARN_DOCUMENTATION_COMMENTS = YES;
				CLANG_WARN_EMPTY_BODY = YES;
				CLANG_WARN_ENUM_CONVERSION = YES;
				CLANG_WARN_INFINITE_RECURSION = YES;
				CLANG_WARN_INT_CONVERSION = YES;
				CLANG_WARN_NON_LITERAL_NULL_CONVERSION = YES;
				CLANG_WARN_OBJC_IMPLICIT_RETAIN_SELF = YES;
				CLANG_WARN_OBJC_LITERAL_CONVERSION = YES;
				CLANG_WARN_OBJC_ROOT_CLASS = YES_ERROR;
				CLANG_WARN_QUOTED_INCLUDE_IN_FRAMEWORK_HEADER = YES;
				CLANG_WARN_RANGE_LOOP_ANALYSIS = YES;
				CLANG_WARN_STRICT_PROTOTYPES = YES;
				CLANG_WARN_SUSPICIOUS_MOVE = YES;
				CLANG_WARN_UNGUARDED_AVAILABILITY = YES_AGGRESSIVE;
				CLANG_WARN_UNREACHABLE_CODE = YES;
				CLANG_WARN__DUPLICATE_METHOD_MATCH = YES;
				CODE_SIGN_IDENTITY = "iPhone Developer";
				COPY_PHASE_STRIP = NO;
				DEBUG_INFORMATION_FORMAT = "dwarf-with-dsym";
				ENABLE_NS_ASSERTIONS = NO;
				ENABLE_STRICT_OBJC_MSGSEND = YES;
				GCC_C_LANGUAGE_STANDARD = gnu11;
				GCC_NO_COMMON_BLOCKS = YES;
				GCC_WARN_64_TO_32_BIT_CONVERSION = YES;
				GCC_WARN_ABOUT_RETURN_TYPE = YES_ERROR;
				GCC_WARN_UNDECLARED_SELECTOR = YES;
				GCC_WARN_UNINITIALIZED_AUTOS = YES_AGGRESSIVE;
				GCC_WARN_UNUSED_FUNCTION = YES;
				GCC_WARN_UNUSED_VARIABLE = YES;
				IPHONEOS_DEPLOYMENT_TARGET = 13.0;
				MTL_ENABLE_DEBUG_INFO = NO;
				SDKROOT = iphoneos;
				VALIDATE_PRODUCT = YES;
			};
			name = Release;
		};
		12E8773E20A332540059ECAB /* Debug */ = {
			isa = XCBuildConfiguration;
			baseConfigurationReference = 9E222F2F3ABD99546972D87E /* Pods-shemtov.debug.xcconfig */;
			buildSettings = {
				ASSETCATALOG_COMPILER_APPICON_NAME = AppIcon;
				CLANG_ENABLE_MODULES = YES;
				CODE_SIGN_STYLE = Automatic;
				CURRENT_PROJECT_VERSION = 3;
				DEVELOPMENT_TEAM = SR7M42YR2B;
				INFOPLIST_FILE = shemtov/Info.plist;
				IPHONEOS_DEPLOYMENT_TARGET = 13.0;
				LD_RUNPATH_SEARCH_PATHS = (
					"$(inherited)",
					"@executable_path/Frameworks",
				);
				MARKETING_VERSION = 1.6;
				PRODUCT_BUNDLE_IDENTIFIER = com.leizersoft.shemtov;
				PRODUCT_NAME = "$(TARGET_NAME)";
				SWIFT_OBJC_BRIDGING_HEADER = "shemtov/shemtov-Bridging-Header.h";
				SWIFT_OPTIMIZATION_LEVEL = "-Onone";
				SWIFT_VERSION = 5.0;
				TARGETED_DEVICE_FAMILY = "1,2";
			};
			name = Debug;
		};
		12E8773F20A332540059ECAB /* Release */ = {
			isa = XCBuildConfiguration;
			baseConfigurationReference = B6E47D266500ACA3CF39970B /* Pods-shemtov.release.xcconfig */;
			buildSettings = {
				ASSETCATALOG_COMPILER_APPICON_NAME = AppIcon;
				CLANG_ENABLE_MODULES = YES;
				CODE_SIGN_STYLE = Automatic;
				CURRENT_PROJECT_VERSION = 3;
				DEVELOPMENT_TEAM = SR7M42YR2B;
				INFOPLIST_FILE = shemtov/Info.plist;
				IPHONEOS_DEPLOYMENT_TARGET = 13.0;
				LD_RUNPATH_SEARCH_PATHS = (
					"$(inherited)",
					"@executable_path/Frameworks",
				);
				MARKETING_VERSION = 1.6;
				PRODUCT_BUNDLE_IDENTIFIER = com.leizersoft.shemtov;
				PRODUCT_NAME = "$(TARGET_NAME)";
				SWIFT_OBJC_BRIDGING_HEADER = "shemtov/shemtov-Bridging-Header.h";
				SWIFT_VERSION = 5.0;
				TARGETED_DEVICE_FAMILY = "1,2";
			};
			name = Release;
		};
/* End XCBuildConfiguration section */

/* Begin XCConfigurationList section */
		12DED01220B5BD1300BDD54C /* Build configuration list for PBXNativeTarget "cored" */ = {
			isa = XCConfigurationList;
			buildConfigurations = (
				12DED01320B5BD1300BDD54C /* Debug */,
				12DED01420B5BD1300BDD54C /* Release */,
			);
			defaultConfigurationIsVisible = 0;
			defaultConfigurationName = Release;
		};
		12E8771F20A332500059ECAB /* Build configuration list for PBXProject "shemtov" */ = {
			isa = XCConfigurationList;
			buildConfigurations = (
				12E8773B20A332540059ECAB /* Debug */,
				12E8773C20A332540059ECAB /* Release */,
			);
			defaultConfigurationIsVisible = 0;
			defaultConfigurationName = Release;
		};
		12E8773D20A332540059ECAB /* Build configuration list for PBXNativeTarget "shemtov" */ = {
			isa = XCConfigurationList;
			buildConfigurations = (
				12E8773E20A332540059ECAB /* Debug */,
				12E8773F20A332540059ECAB /* Release */,
			);
			defaultConfigurationIsVisible = 0;
			defaultConfigurationName = Release;
		};
/* End XCConfigurationList section */

/* Begin XCVersionGroup section */
		12E8773020A332510059ECAB /* shemtov.xcdatamodeld */ = {
			isa = XCVersionGroup;
			children = (
				12E8773120A332510059ECAB /* shemtov.xcdatamodel */,
			);
			currentVersion = 12E8773120A332510059ECAB /* shemtov.xcdatamodel */;
			path = shemtov.xcdatamodeld;
			sourceTree = "<group>";
			versionGroupType = wrapper.xcdatamodel;
		};
/* End XCVersionGroup section */
	};
	rootObject = 12E8771C20A332500059ECAB /* Project object */;
}
