// !$*UTF8*$!
{
	archiveVersion = 1;
	classes = {
	};
	objectVersion = 50;
	objects = {

/* Begin PBXBuildFile section */
		12E8772920A332500059ECAB /* AppDelegate.m in Sources */ = {isa = PBXBuildFile; fileRef = 12E8772820A332500059ECAB /* AppDelegate.m */; };
		12E8772C20A332500059ECAB /* ViewController.m in Sources */ = {isa = PBXBuildFile; fileRef = 12E8772B20A332500059ECAB /* ViewController.m */; };
		12E8772F20A332510059ECAB /* Main.storyboard in Resources */ = {isa = PBXBuildFile; fileRef = 12E8772D20A332510059ECAB /* Main.storyboard */; };
		12E8773220A332510059ECAB /* shemtov.xcdatamodeld in Sources */ = {isa = PBXBuildFile; fileRef = 12E8773020A332510059ECAB /* shemtov.xcdatamodeld */; };
		12E8773420A332540059ECAB /* Assets.xcassets in Resources */ = {isa = PBXBuildFile; fileRef = 12E8773320A332540059ECAB /* Assets.xcassets */; };
		12E8773720A332540059ECAB /* LaunchScreen.storyboard in Resources */ = {isa = PBXBuildFile; fileRef = 12E8773520A332540059ECAB /* LaunchScreen.storyboard */; };
		12E8773A20A332540059ECAB /* main.m in Sources */ = {isa = PBXBuildFile; fileRef = 12E8773920A332540059ECAB /* main.m */; };
/* End PBXBuildFile section */

/* Begin PBXFileReference section */
		12E8772420A332500059ECAB /* shemtov.app */ = {isa = PBXFileReference; explicitFileType = wrapper.application; includeInIndex = 0; path = shemtov.app; sourceTree = BUILT_PRODUCTS_DIR; };
		12E8772720A332500059ECAB /* AppDelegate.h */ = {isa = PBXFileReference; lastKnownFileType = sourcecode.c.h; path = AppDelegate.h; sourceTree = "<group>"; };
		12E8772820A332500059ECAB /* AppDelegate.m */ = {isa = PBXFileReference; lastKnownFileType = sourcecode.c.objc; path = AppDelegate.m; sourceTree = "<group>"; };
		12E8772A20A332500059ECAB /* ViewController.h */ = {isa = PBXFileReference; lastKnownFileType = sourcecode.c.h; path = ViewController.h; sourceTree = "<group>"; };
		12E8772B20A332500059ECAB /* ViewController.m */ = {isa = PBXFileReference; lastKnownFileType = sourcecode.c.objc; path = ViewController.m; sourceTree = "<group>"; };
		12E8772E20A332510059ECAB /* Base */ = {isa = PBXFileReference; lastKnownFileType = file.storyboard; name = Base; path = Base.lproj/Main.storyboard; sourceTree = "<group>"; };
		12E8773120A332510059ECAB /* shemtov.xcdatamodel */ = {isa = PBXFileReference; lastKnownFileType = wrapper.xcdatamodel; path = shemtov.xcdatamodel; sourceTree = "<group>"; };
		12E8773320A332540059ECAB /* Assets.xcassets */ = {isa = PBXFileReference; lastKnownFileType = folder.assetcatalog; path = Assets.xcassets; sourceTree = "<group>"; };
		12E8773620A332540059ECAB /* Base */ = {isa = PBXFileReference; lastKnownFileType = file.storyboard; name = Base; path = Base.lproj/LaunchScreen.storyboard; sourceTree = "<group>"; };
		12E8773820A332540059ECAB /* Info.plist */ = {isa = PBXFileReference; lastKnownFileType = text.plist.xml; path = Info.plist; sourceTree = "<group>"; };
		12E8773920A332540059ECAB /* main.m */ = {isa = PBXFileReference; lastKnownFileType = sourcecode.c.objc; path = main.m; sourceTree = "<group>"; };
/* End PBXFileReference section */

/* Begin PBXFrameworksBuildPhase section */
		12E8772120A332500059ECAB /* Frameworks */ = {
			isa = PBXFrameworksBuildPhase;
			buildActionMask = 2147483647;
			files = (
			);
			runOnlyForDeploymentPostprocessing = 0;
		};
/* End PBXFrameworksBuildPhase section */

/* Begin PBXGroup section */
		12E8771B20A332500059ECAB = {
			isa = PBXGroup;
			children = (
				12E8772620A332500059ECAB /* shemtov */,
				12E8772520A332500059ECAB /* Products */,
			);
			sourceTree = "<group>";
		};
		12E8772520A332500059ECAB /* Products */ = {
			isa = PBXGroup;
			children = (
				12E8772420A332500059ECAB /* shemtov.app */,
			);
			name = Products;
			sourceTree = "<group>";
		};
		12E8772620A332500059ECAB /* shemtov */ = {
			isa = PBXGroup;
			children = (
				12E8772720A332500059ECAB /* AppDelegate.h */,
				12E8772820A332500059ECAB /* AppDelegate.m */,
				12E8772A20A332500059ECAB /* ViewController.h */,
				12E8772B20A332500059ECAB /* ViewController.m */,
				12E8772D20A332510059ECAB /* Main.storyboard */,
				12E8773320A332540059ECAB /* Assets.xcassets */,
				12E8773520A332540059ECAB /* LaunchScreen.storyboard */,
				12E8773820A332540059ECAB /* Info.plist */,
				12E8773920A332540059ECAB /* main.m */,
				12E8773020A332510059ECAB /* shemtov.xcdatamodeld */,
			);
			path = shemtov;
			sourceTree = "<group>";
		};
/* End PBXGroup section */

/* Begin PBXNativeTarget section */
		12E8772320A332500059ECAB /* shemtov */ = {
			isa = PBXNativeTarget;
			buildConfigurationList = 12E8773D20A332540059ECAB /* Build configuration list for PBXNativeTarget "shemtov" */;
			buildPhases = (
				12E8772020A332500059ECAB /* Sources */,
				12E8772120A332500059ECAB /* Frameworks */,
				12E8772220A332500059ECAB /* Resources */,
			);
			buildRules = (
			);
			dependencies = (
			);
			name = shemtov;
			productName = shemtov;
			productReference = 12E8772420A332500059ECAB /* shemtov.app */;
			productType = "com.apple.product-type.application";
		};
/* End PBXNativeTarget section */

/* Begin PBXProject section */
		12E8771C20A332500059ECAB /* Project object */ = {
			isa = PBXProject;
			attributes = {
				LastUpgradeCheck = 0930;
				ORGANIZATIONNAME = "Roy Leizer";
				TargetAttributes = {
					12E8772320A332500059ECAB = {
						CreatedOnToolsVersion = 9.3;
					};
				};
			};
			buildConfigurationList = 12E8771F20A332500059ECAB /* Build configuration list for PBXProject "shemtov" */;
			compatibilityVersion = "Xcode 9.3";
			developmentRegion = en;
			hasScannedForEncodings = 0;
			knownRegions = (
				en,
				Base,
			);
			mainGroup = 12E8771B20A332500059ECAB;
			productRefGroup = 12E8772520A332500059ECAB /* Products */;
			projectDirPath = "";
			projectRoot = "";
			targets = (
				12E8772320A332500059ECAB /* shemtov */,
			);
		};
/* End PBXProject section */

/* Begin PBXResourcesBuildPhase section */
		12E8772220A332500059ECAB /* Resources */ = {
			isa = PBXResourcesBuildPhase;
			buildActionMask = 2147483647;
			files = (
				12E8773720A332540059ECAB /* LaunchScreen.storyboard in Resources */,
				12E8773420A332540059ECAB /* Assets.xcassets in Resources */,
				12E8772F20A332510059ECAB /* Main.storyboard in Resources */,
			);
			runOnlyForDeploymentPostprocessing = 0;
		};
/* End PBXResourcesBuildPhase section */

/* Begin PBXSourcesBuildPhase section */
		12E8772020A332500059ECAB /* Sources */ = {
			isa = PBXSourcesBuildPhase;
			buildActionMask = 2147483647;
			files = (
				12E8773220A332510059ECAB /* shemtov.xcdatamodeld in Sources */,
				12E8772C20A332500059ECAB /* ViewController.m in Sources */,
				12E8773A20A332540059ECAB /* main.m in Sources */,
				12E8772920A332500059ECAB /* AppDelegate.m in Sources */,
			);
			runOnlyForDeploymentPostprocessing = 0;
		};
/* End PBXSourcesBuildPhase section */

/* Begin PBXVariantGroup section */
		12E8772D20A332510059ECAB /* Main.storyboard */ = {
			isa = PBXVariantGroup;
			children = (
				12E8772E20A332510059ECAB /* Base */,
			);
			name = Main.storyboard;
			sourceTree = "<group>";
		};
		12E8773520A332540059ECAB /* LaunchScreen.storyboard */ = {
			isa = PBXVariantGroup;
			children = (
				12E8773620A332540059ECAB /* Base */,
			);
			name = LaunchScreen.storyboard;
			sourceTree = "<group>";
		};
/* End PBXVariantGroup section */

/* Begin XCBuildConfiguration section */
		12E8773B20A332540059ECAB /* Debug */ = {
			isa = XCBuildConfiguration;
			buildSettings = {
				ALWAYS_SEARCH_USER_PATHS = NO;
				CLANG_ANALYZER_NONNULL = YES;
				CLANG_ANALYZER_NUMBER_OBJECT_CONVERSION = YES_AGGRESSIVE;
				CLANG_CXX_LANGUAGE_STANDARD = "gnu++14";
				CLANG_CXX_LIBRARY = "libc++";
				CLANG_ENABLE_MODULES = YES;
				CLANG_ENABLE_OBJC_ARC = YES;
				CLANG_ENABLE_OBJC_WEAK = YES;
				CLANG_WARN_BLOCK_CAPTURE_AUTORELEASING = YES;
				CLANG_WARN_BOOL_CONVERSION = YES;
				CLANG_WARN_COMMA = YES;
				CLANG_WARN_CONSTANT_CONVERSION = YES;
				CLANG_WARN_DEPRECATED_OBJC_IMPLEMENTATIONS = YES;
				CLANG_WARN_DIRECT_OBJC_ISA_USAGE = YES_ERROR;
				CLANG_WARN_DOCUMENTATION_COMMENTS = YES;
				CLANG_WARN_EMPTY_BODY = YES;
				CLANG_WARN_ENUM_CONVERSION = YES;
				CLANG_WARN_INFINITE_RECURSION = YES;
				CLANG_WARN_INT_CONVERSION = YES;
				CLANG_WARN_NON_LITERAL_NULL_CONVERSION = YES;
				CLANG_WARN_OBJC_IMPLICIT_RETAIN_SELF = YES;
				CLANG_WARN_OBJC_LITERAL_CONVERSION = YES;
				CLANG_WARN_OBJC_ROOT_CLASS = YES_ERROR;
				CLANG_WARN_RANGE_LOOP_ANALYSIS = YES;
				CLANG_WARN_STRICT_PROTOTYPES = YES;
				CLANG_WARN_SUSPICIOUS_MOVE = YES;
				CLANG_WARN_UNGUARDED_AVAILABILITY = YES_AGGRESSIVE;
				CLANG_WARN_UNREACHABLE_CODE = YES;
				CLANG_WARN__DUPLICATE_METHOD_MATCH = YES;
				CODE_SIGN_IDENTITY = "iPhone Developer";
				COPY_PHASE_STRIP = NO;
				DEBUG_INFORMATION_FORMAT = dwarf;
				ENABLE_STRICT_OBJC_MSGSEND = YES;
				ENABLE_TESTABILITY = YES;
				GCC_C_LANGUAGE_STANDARD = gnu11;
				GCC_DYNAMIC_NO_PIC = NO;
				GCC_NO_COMMON_BLOCKS = YES;
				GCC_OPTIMIZATION_LEVEL = 0;
				GCC_PREPROCESSOR_DEFINITIONS = (
					"DEBUG=1",
					"$(inherited)",
				);
				GCC_WARN_64_TO_32_BIT_CONVERSION = YES;
				GCC_WARN_ABOUT_RETURN_TYPE = YES_ERROR;
				GCC_WARN_UNDECLARED_SELECTOR = YES;
				GCC_WARN_UNINITIALIZED_AUTOS = YES_AGGRESSIVE;
				GCC_WARN_UNUSED_FUNCTION = YES;
				GCC_WARN_UNUSED_VARIABLE = YES;
				IPHONEOS_DEPLOYMENT_TARGET = 11.3;
				MTL_ENABLE_DEBUG_INFO = YES;
				ONLY_ACTIVE_ARCH = YES;
				SDKROOT = iphoneos;
			};
			name = Debug;
		};
		12E8773C20A332540059ECAB /* Release */ = {
			isa = XCBuildConfiguration;
			buildSettings = {
				ALWAYS_SEARCH_USER_PATHS = NO;
				CLANG_ANALYZER_NONNULL = YES;
				CLANG_ANALYZER_NUMBER_OBJECT_CONVERSION = YES_AGGRESSIVE;
				CLANG_CXX_LANGUAGE_STANDARD = "gnu++14";
				CLANG_CXX_LIBRARY = "libc++";
				CLANG_ENABLE_MODULES = YES;
				CLANG_ENABLE_OBJC_ARC = YES;
				CLANG_ENABLE_OBJC_WEAK = YES;
				CLANG_WARN_BLOCK_CAPTURE_AUTORELEASING = YES;
				CLANG_WARN_BOOL_CONVERSION = YES;
				CLANG_WARN_COMMA = YES;
				CLANG_WARN_CONSTANT_CONVERSION = YES;
				CLANG_WARN_DEPRECATED_OBJC_IMPLEMENTATIONS = YES;
				CLANG_WARN_DIRECT_OBJC_ISA_USAGE = YES_ERROR;
				CLANG_WARN_DOCUMENTATION_COMMENTS = YES;
				CLANG_WARN_EMPTY_BODY = YES;
				CLANG_WARN_ENUM_CONVERSION = YES;
				CLANG_WARN_INFINITE_RECURSION = YES;
				CLANG_WARN_INT_CONVERSION = YES;
				CLANG_WARN_NON_LITERAL_NULL_CONVERSION = YES;
				CLANG_WARN_OBJC_IMPLICIT_RETAIN_SELF = YES;
				CLANG_WARN_OBJC_LITERAL_CONVERSION = YES;
				CLANG_WARN_OBJC_ROOT_CLASS = YES_ERROR;
				CLANG_WARN_RANGE_LOOP_ANALYSIS = YES;
				CLANG_WARN_STRICT_PROTOTYPES = YES;
				CLANG_WARN_SUSPICIOUS_MOVE = YES;
				CLANG_WARN_UNGUARDED_AVAILABILITY = YES_AGGRESSIVE;
				CLANG_WARN_UNREACHABLE_CODE = YES;
				CLANG_WARN__DUPLICATE_METHOD_MATCH = YES;
				CODE_SIGN_IDENTITY = "iPhone Developer";
				COPY_PHASE_STRIP = NO;
				DEBUG_INFORMATION_FORMAT = "dwarf-with-dsym";
				ENABLE_NS_ASSERTIONS = NO;
				ENABLE_STRICT_OBJC_MSGSEND = YES;
				GCC_C_LANGUAGE_STANDARD = gnu11;
				GCC_NO_COMMON_BLOCKS = YES;
				GCC_WARN_64_TO_32_BIT_CONVERSION = YES;
				GCC_WARN_ABOUT_RETURN_TYPE = YES_ERROR;
				GCC_WARN_UNDECLARED_SELECTOR = YES;
				GCC_WARN_UNINITIALIZED_AUTOS = YES_AGGRESSIVE;
				GCC_WARN_UNUSED_FUNCTION = YES;
				GCC_WARN_UNUSED_VARIABLE = YES;
				IPHONEOS_DEPLOYMENT_TARGET = 11.3;
				MTL_ENABLE_DEBUG_INFO = NO;
				SDKROOT = iphoneos;
				VALIDATE_PRODUCT = YES;
			};
			name = Release;
		};
		12E8773E20A332540059ECAB /* Debug */ = {
			isa = XCBuildConfiguration;
			buildSettings = {
				ASSETCATALOG_COMPILER_APPICON_NAME = AppIcon;
				CODE_SIGN_STYLE = Automatic;
				DEVELOPMENT_TEAM = SR7M42YR2B;
				INFOPLIST_FILE = shemtov/Info.plist;
				LD_RUNPATH_SEARCH_PATHS = (
					"$(inherited)",
					"@executable_path/Frameworks",
				);
				PRODUCT_BUNDLE_IDENTIFIER = com.leizersoft.shemtov;
				PRODUCT_NAME = "$(TARGET_NAME)";
				TARGETED_DEVICE_FAMILY = "1,2";
			};
			name = Debug;
		};
		12E8773F20A332540059ECAB /* Release */ = {
			isa = XCBuildConfiguration;
			buildSettings = {
				ASSETCATALOG_COMPILER_APPICON_NAME = AppIcon;
				CODE_SIGN_STYLE = Automatic;
				DEVELOPMENT_TEAM = SR7M42YR2B;
				INFOPLIST_FILE = shemtov/Info.plist;
				LD_RUNPATH_SEARCH_PATHS = (
					"$(inherited)",
					"@executable_path/Frameworks",
				);
				PRODUCT_BUNDLE_IDENTIFIER = com.leizersoft.shemtov;
				PRODUCT_NAME = "$(TARGET_NAME)";
				TARGETED_DEVICE_FAMILY = "1,2";
			};
			name = Release;
		};
/* End XCBuildConfiguration section */

/* Begin XCConfigurationList section */
		12E8771F20A332500059ECAB /* Build configuration list for PBXProject "shemtov" */ = {
			isa = XCConfigurationList;
			buildConfigurations = (
				12E8773B20A332540059ECAB /* Debug */,
				12E8773C20A332540059ECAB /* Release */,
			);
			defaultConfigurationIsVisible = 0;
			defaultConfigurationName = Release;
		};
		12E8773D20A332540059ECAB /* Build configuration list for PBXNativeTarget "shemtov" */ = {
			isa = XCConfigurationList;
			buildConfigurations = (
				12E8773E20A332540059ECAB /* Debug */,
				12E8773F20A332540059ECAB /* Release */,
			);
			defaultConfigurationIsVisible = 0;
			defaultConfigurationName = Release;
		};
/* End XCConfigurationList section */

/* Begin XCVersionGroup section */
		12E8773020A332510059ECAB /* shemtov.xcdatamodeld */ = {
			isa = XCVersionGroup;
			children = (
				12E8773120A332510059ECAB /* shemtov.xcdatamodel */,
			);
			currentVersion = 12E8773120A332510059ECAB /* shemtov.xcdatamodel */;
			path = shemtov.xcdatamodeld;
			sourceTree = "<group>";
			versionGroupType = wrapper.xcdatamodel;
		};
/* End XCVersionGroup section */
	};
	rootObject = 12E8771C20A332500059ECAB /* Project object */;
}
